
Microsoft Visual Studio Solution File, Format Version 12.00
# Visual Studio Version 16
VisualStudioVersion = 16.0.810.9
MinimumVisualStudioVersion = 10.0.40219.1
Project("{FAE04EC0-301F-11D3-BF4B-00C04F79EFBC}") = "thuchanh12.iOS", "thuchanh12.iOS\thuchanh12.iOS.csproj", "{535D5FBF-710B-4EF9-A46F-83E6647A4E1D}"
EndProject
Project("{FAE04EC0-301F-11D3-BF4B-00C04F79EFBC}") = "thuchanh12", "thuchanh12\thuchanh12.csproj", "{40EE24D2-A4D5-485C-A0CC-DBB0E4FC6DD3}"
EndProject
Global
	GlobalSection(SolutionConfigurationPlatforms) = preSolution
		Debug|iPhoneSimulator = Debug|iPhoneSimulator
		Release|iPhoneSimulator = Release|iPhoneSimulator
		Debug|iPhone = Debug|iPhone
		Release|iPhone = Release|iPhone
		Debug|Any CPU = Debug|Any CPU
		Release|Any CPU = Release|Any CPU
	EndGlobalSection
	GlobalSection(ProjectConfigurationPlatforms) = postSolution
		{535D5FBF-710B-4EF9-A46F-83E6647A4E1D}.Debug|iPhoneSimulator.ActiveCfg = Debug|iPhoneSimulator
		{535D5FBF-710B-4EF9-A46F-83E6647A4E1D}.Debug|iPhoneSimulator.Build.0 = Debug|iPhoneSimulator
		{535D5FBF-710B-4EF9-A46F-83E6647A4E1D}.Release|iPhoneSimulator.ActiveCfg = Release|iPhoneSimulator
		{535D5FBF-710B-4EF9-A46F-83E6647A4E1D}.Release|iPhoneSimulator.Build.0 = Release|iPhoneSimulator
		{535D5FBF-710B-4EF9-A46F-83E6647A4E1D}.Debug|iPhone.ActiveCfg = Debug|iPhone
		{535D5FBF-710B-4EF9-A46F-83E6647A4E1D}.Debug|iPhone.Build.0 = Debug|iPhone
		{535D5FBF-710B-4EF9-A46F-83E6647A4E1D}.Release|iPhone.ActiveCfg = Release|iPhone
		{535D5FBF-710B-4EF9-A46F-83E6647A4E1D}.Release|iPhone.Build.0 = Release|iPhone
		{535D5FBF-710B-4EF9-A46F-83E6647A4E1D}.Debug|Any CPU.ActiveCfg = Debug|iPhoneSimulator
		{535D5FBF-710B-4EF9-A46F-83E6647A4E1D}.Debug|Any CPU.Build.0 = Debug|iPhoneSimulator
		{535D5FBF-710B-4EF9-A46F-83E6647A4E1D}.Release|Any CPU.ActiveCfg = Release|iPhoneSimulator
		{535D5FBF-710B-4EF9-A46F-83E6647A4E1D}.Release|Any CPU.Build.0 = Release|iPhoneSimulator
		{40EE24D2-A4D5-485C-A0CC-DBB0E4FC6DD3}.Debug|iPhoneSimulator.ActiveCfg = Debug|Any CPU
		{40EE24D2-A4D5-485C-A0CC-DBB0E4FC6DD3}.Debug|iPhoneSimulator.Build.0 = Debug|Any CPU
		{40EE24D2-A4D5-485C-A0CC-DBB0E4FC6DD3}.Release|iPhoneSimulator.ActiveCfg = Release|Any CPU
		{40EE24D2-A4D5-485C-A0CC-DBB0E4FC6DD3}.Release|iPhoneSimulator.Build.0 = Release|Any CPU
		{40EE24D2-A4D5-485C-A0CC-DBB0E4FC6DD3}.Debug|iPhone.ActiveCfg = Debug|Any CPU
		{40EE24D2-A4D5-485C-A0CC-DBB0E4FC6DD3}.Debug|iPhone.Build.0 = Debug|Any CPU
		{40EE24D2-A4D5-485C-A0CC-DBB0E4FC6DD3}.Release|iPhone.ActiveCfg = Release|Any CPU
		{40EE24D2-A4D5-485C-A0CC-DBB0E4FC6DD3}.Release|iPhone.Build.0 = Release|Any CPU
		{40EE24D2-A4D5-485C-A0CC-DBB0E4FC6DD3}.Debug|Any CPU.ActiveCfg = Debug|Any CPU
		{40EE24D2-A4D5-485C-A0CC-DBB0E4FC6DD3}.Debug|Any CPU.Build.0 = Debug|Any CPU
		{40EE24D2-A4D5-485C-A0CC-DBB0E4FC6DD3}.Release|Any CPU.ActiveCfg = Release|Any CPU
		{40EE24D2-A4D5-485C-A0CC-DBB0E4FC6DD3}.Release|Any CPU.Build.0 = Release|Any CPU
	EndGlobalSection
	GlobalSection(SolutionProperties) = preSolution
		HideSolutionNode = FALSE
	EndGlobalSection
	GlobalSection(ExtensibilityGlobals) = postSolution
		SolutionGuid = {08334795-171A-435B-A7C5-D15F586AEE9E}
	EndGlobalSection
EndGlobal
